
Microsoft Visual Studio Solution File, Format Version 12.00
# Visual Studio Version 17
VisualStudioVersion = 17.2.32630.192
MinimumVisualStudioVersion = 10.0.40219.1
Project("{9A19103F-16F7-4668-BE54-9A1E7A4F7556}") = "CloudGeographySerialization", "CloudGeographySerialization.csproj", "{5C1B53AD-E007-42A0-9A5D-2298EED3F75E}"
EndProject
Global
	GlobalSection(SolutionConfigurationPlatforms) = preSolution
		Debug|Any CPU = Debug|Any CPU
		Release|Any CPU = Release|Any CPU
	EndGlobalSection
	GlobalSection(ProjectConfigurationPlatforms) = postSolution
		{5C1B53AD-E007-42A0-9A5D-2298EED3F75E}.Debug|Any CPU.ActiveCfg = Debug|Any CPU
		{5C1B53AD-E007-42A0-9A5D-2298EED3F75E}.Debug|Any CPU.Build.0 = Debug|Any CPU
		{5C1B53AD-E007-42A0-9A5D-2298EED3F75E}.Release|Any CPU.ActiveCfg = Release|Any CPU
		{5C1B53AD-E007-42A0-9A5D-2298EED3F75E}.Release|Any CPU.Build.0 = Release|Any CPU
	EndGlobalSection
	GlobalSection(SolutionProperties) = preSolution
		HideSolutionNode = FALSE
	EndGlobalSection
	GlobalSection(ExtensibilityGlobals) = postSolution
		SolutionGuid = {19A9AC10-87C9-44F3-9D12-02D5B2948825}
	EndGlobalSection
EndGlobal
